
Microsoft Visual Studio Solution File, Format Version 12.00
# Visual Studio 15
Project("{FAE04EC0-301F-11D3-BF4B-00C04F79EFBC}") = "LivingAndDeadSoul", "LivingAndDeadSoul.csproj", "{AD9FCE56-4CB9-4C05-9CB1-5D3C62FCD19C}"
EndProject
Global
	GlobalSection(SolutionConfigurationPlatforms) = preSolution
		Debug|Any CPU = Debug|Any CPU
		Release|Any CPU = Release|Any CPU
	EndGlobalSection
	GlobalSection(ProjectConfigurationPlatforms) = postSolution
		{AD9FCE56-4CB9-4C05-9CB1-5D3C62FCD19C}.Debug|Any CPU.ActiveCfg = Debug|Any CPU
		{AD9FCE56-4CB9-4C05-9CB1-5D3C62FCD19C}.Debug|Any CPU.Build.0 = Debug|Any CPU
		{AD9FCE56-4CB9-4C05-9CB1-5D3C62FCD19C}.Release|Any CPU.ActiveCfg = Release|Any CPU
		{AD9FCE56-4CB9-4C05-9CB1-5D3C62FCD19C}.Release|Any CPU.Build.0 = Release|Any CPU
	EndGlobalSection
EndGlobal
